
Microsoft Visual Studio Solution File, Format Version 12.00
# Visual Studio Version 17
VisualStudioVersion = 17.5.33502.453
MinimumVisualStudioVersion = 10.0.40219.1
Project("{FAE04EC0-301F-11D3-BF4B-00C04F79EFBC}") = "QuanLyDeTaiThucTapTotNghiep", "logiin\QuanLyDeTaiThucTapTotNghiep.csproj", "{994D6E3A-08CD-4308-9057-8FE77B6D9F11}"
EndProject
Global
	GlobalSection(SolutionConfigurationPlatforms) = preSolution
		Debug|Any CPU = Debug|Any CPU
		Release|Any CPU = Release|Any CPU
	EndGlobalSection
	GlobalSection(ProjectConfigurationPlatforms) = postSolution
		{994D6E3A-08CD-4308-9057-8FE77B6D9F11}.Debug|Any CPU.ActiveCfg = Debug|Any CPU
		{994D6E3A-08CD-4308-9057-8FE77B6D9F11}.Debug|Any CPU.Build.0 = Debug|Any CPU
		{994D6E3A-08CD-4308-9057-8FE77B6D9F11}.Release|Any CPU.ActiveCfg = Release|Any CPU
		{994D6E3A-08CD-4308-9057-8FE77B6D9F11}.Release|Any CPU.Build.0 = Release|Any CPU
	EndGlobalSection
	GlobalSection(SolutionProperties) = preSolution
		HideSolutionNode = FALSE
	EndGlobalSection
	GlobalSection(ExtensibilityGlobals) = postSolution
		SolutionGuid = {0877EFCA-8053-4D4C-AC61-1C8E787903A9}
	EndGlobalSection
EndGlobal
